// !$*UTF8*$!
{
	archiveVersion = 1;
	classes = {
	};
	objectVersion = 46;
	objects = {

/* Begin PBXBuildFile section */
		9A2CD0A31A8AF06400BC5F7F /* main.m in Sources */ = {isa = PBXBuildFile; fileRef = 9A2CD0A21A8AF06400BC5F7F /* main.m */; };
		9A2CD0A61A8AF06400BC5F7F /* AppDelegate.m in Sources */ = {isa = PBXBuildFile; fileRef = 9A2CD0A51A8AF06400BC5F7F /* AppDelegate.m */; };
		9A2CD0A91A8AF06400BC5F7F /* ViewController.m in Sources */ = {isa = PBXBuildFile; fileRef = 9A2CD0A81A8AF06400BC5F7F /* ViewController.m */; };
		9A2CD0AC1A8AF06400BC5F7F /* Main.storyboard in Resources */ = {isa = PBXBuildFile; fileRef = 9A2CD0AA1A8AF06400BC5F7F /* Main.storyboard */; };
		9A2CD0AE1A8AF06400BC5F7F /* Images.xcassets in Resources */ = {isa = PBXBuildFile; fileRef = 9A2CD0AD1A8AF06400BC5F7F /* Images.xcassets */; };
		9A2CD0B11A8AF06400BC5F7F /* LaunchScreen.xib in Resources */ = {isa = PBXBuildFile; fileRef = 9A2CD0AF1A8AF06400BC5F7F /* LaunchScreen.xib */; };
		9A2CD0BD1A8AF06400BC5F7F /* HypnosisterTests.m in Sources */ = {isa = PBXBuildFile; fileRef = 9A2CD0BC1A8AF06400BC5F7F /* HypnosisterTests.m */; };
		9A2CD0C81A8AF07D00BC5F7F /* BNRHypnosisView.m in Sources */ = {isa = PBXBuildFile; fileRef = 9A2CD0C71A8AF07D00BC5F7F /* BNRHypnosisView.m */; };
/* End PBXBuildFile section */

/* Begin PBXContainerItemProxy section */
		9A2CD0B71A8AF06400BC5F7F /* PBXContainerItemProxy */ = {
			isa = PBXContainerItemProxy;
			containerPortal = 9A2CD0951A8AF06400BC5F7F /* Project object */;
			proxyType = 1;
			remoteGlobalIDString = 9A2CD09C1A8AF06400BC5F7F;
			remoteInfo = Hypnosister;
		};
/* End PBXContainerItemProxy section */

/* Begin PBXFileReference section */
		9A2CD09D1A8AF06400BC5F7F /* Hypnosister.app */ = {isa = PBXFileReference; explicitFileType = wrapper.application; includeInIndex = 0; path = Hypnosister.app; sourceTree = BUILT_PRODUCTS_DIR; };
		9A2CD0A11A8AF06400BC5F7F /* Info.plist */ = {isa = PBXFileReference; lastKnownFileType = text.plist.xml; path = Info.plist; sourceTree = "<group>"; };
		9A2CD0A21A8AF06400BC5F7F /* main.m */ = {isa = PBXFileReference; lastKnownFileType = sourcecode.c.objc; path = main.m; sourceTree = "<group>"; };
		9A2CD0A41A8AF06400BC5F7F /* AppDelegate.h */ = {isa = PBXFileReference; lastKnownFileType = sourcecode.c.h; path = AppDelegate.h; sourceTree = "<group>"; };
		9A2CD0A51A8AF06400BC5F7F /* AppDelegate.m */ = {isa = PBXFileReference; lastKnownFileType = sourcecode.c.objc; path = AppDelegate.m; sourceTree = "<group>"; };
		9A2CD0A71A8AF06400BC5F7F /* ViewController.h */ = {isa = PBXFileReference; lastKnownFileType = sourcecode.c.h; path = ViewController.h; sourceTree = "<group>"; };
		9A2CD0A81A8AF06400BC5F7F /* ViewController.m */ = {isa = PBXFileReference; lastKnownFileType = sourcecode.c.objc; path = ViewController.m; sourceTree = "<group>"; };
		9A2CD0AB1A8AF06400BC5F7F /* Base */ = {isa = PBXFileReference; lastKnownFileType = file.storyboard; name = Base; path = Base.lproj/Main.storyboard; sourceTree = "<group>"; };
		9A2CD0AD1A8AF06400BC5F7F /* Images.xcassets */ = {isa = PBXFileReference; lastKnownFileType = folder.assetcatalog; path = Images.xcassets; sourceTree = "<group>"; };
		9A2CD0B01A8AF06400BC5F7F /* Base */ = {isa = PBXFileReference; lastKnownFileType = file.xib; name = Base; path = Base.lproj/LaunchScreen.xib; sourceTree = "<group>"; };
		9A2CD0B61A8AF06400BC5F7F /* HypnosisterTests.xctest */ = {isa = PBXFileReference; explicitFileType = wrapper.cfbundle; includeInIndex = 0; path = HypnosisterTests.xctest; sourceTree = BUILT_PRODUCTS_DIR; };
		9A2CD0BB1A8AF06400BC5F7F /* Info.plist */ = {isa = PBXFileReference; lastKnownFileType = text.plist.xml; path = Info.plist; sourceTree = "<group>"; };
		9A2CD0BC1A8AF06400BC5F7F /* HypnosisterTests.m */ = {isa = PBXFileReference; lastKnownFileType = sourcecode.c.objc; path = HypnosisterTests.m; sourceTree = "<group>"; };
		9A2CD0C61A8AF07D00BC5F7F /* BNRHypnosisView.h */ = {isa = PBXFileReference; fileEncoding = 4; lastKnownFileType = sourcecode.c.h; path = BNRHypnosisView.h; sourceTree = "<group>"; };
		9A2CD0C71A8AF07D00BC5F7F /* BNRHypnosisView.m */ = {isa = PBXFileReference; fileEncoding = 4; lastKnownFileType = sourcecode.c.objc; path = BNRHypnosisView.m; sourceTree = "<group>"; };
/* End PBXFileReference section */

/* Begin PBXFrameworksBuildPhase section */
		9A2CD09A1A8AF06400BC5F7F /* Frameworks */ = {
			isa = PBXFrameworksBuildPhase;
			buildActionMask = 2147483647;
			files = (
			);
			runOnlyForDeploymentPostprocessing = 0;
		};
		9A2CD0B31A8AF06400BC5F7F /* Frameworks */ = {
			isa = PBXFrameworksBuildPhase;
			buildActionMask = 2147483647;
			files = (
			);
			runOnlyForDeploymentPostprocessing = 0;
		};
/* End PBXFrameworksBuildPhase section */

/* Begin PBXGroup section */
		9A2CD0941A8AF06400BC5F7F = {
			isa = PBXGroup;
			children = (
				9A2CD09F1A8AF06400BC5F7F /* Hypnosister */,
				9A2CD0B91A8AF06400BC5F7F /* HypnosisterTests */,
				9A2CD09E1A8AF06400BC5F7F /* Products */,
			);
			sourceTree = "<group>";
		};
		9A2CD09E1A8AF06400BC5F7F /* Products */ = {
			isa = PBXGroup;
			children = (
				9A2CD09D1A8AF06400BC5F7F /* Hypnosister.app */,
				9A2CD0B61A8AF06400BC5F7F /* HypnosisterTests.xctest */,
			);
			name = Products;
			sourceTree = "<group>";
		};
		9A2CD09F1A8AF06400BC5F7F /* Hypnosister */ = {
			isa = PBXGroup;
			children = (
				9A2CD0A41A8AF06400BC5F7F /* AppDelegate.h */,
				9A2CD0A51A8AF06400BC5F7F /* AppDelegate.m */,
				9A2CD0A71A8AF06400BC5F7F /* ViewController.h */,
				9A2CD0A81A8AF06400BC5F7F /* ViewController.m */,
				9A2CD0AA1A8AF06400BC5F7F /* Main.storyboard */,
				9A2CD0AD1A8AF06400BC5F7F /* Images.xcassets */,
				9A2CD0AF1A8AF06400BC5F7F /* LaunchScreen.xib */,
				9A2CD0A01A8AF06400BC5F7F /* Supporting Files */,
				9A2CD0C61A8AF07D00BC5F7F /* BNRHypnosisView.h */,
				9A2CD0C71A8AF07D00BC5F7F /* BNRHypnosisView.m */,
			);
			path = Hypnosister;
			sourceTree = "<group>";
		};
		9A2CD0A01A8AF06400BC5F7F /* Supporting Files */ = {
			isa = PBXGroup;
			children = (
				9A2CD0A11A8AF06400BC5F7F /* Info.plist */,
				9A2CD0A21A8AF06400BC5F7F /* main.m */,
			);
			name = "Supporting Files";
			sourceTree = "<group>";
		};
		9A2CD0B91A8AF06400BC5F7F /* HypnosisterTests */ = {
			isa = PBXGroup;
			children = (
				9A2CD0BC1A8AF06400BC5F7F /* HypnosisterTests.m */,
				9A2CD0BA1A8AF06400BC5F7F /* Supporting Files */,
			);
			path = HypnosisterTests;
			sourceTree = "<group>";
		};
		9A2CD0BA1A8AF06400BC5F7F /* Supporting Files */ = {
			isa = PBXGroup;
			children = (
				9A2CD0BB1A8AF06400BC5F7F /* Info.plist */,
			);
			name = "Supporting Files";
			sourceTree = "<group>";
		};
/* End PBXGroup section */

/* Begin PBXNativeTarget section */
		9A2CD09C1A8AF06400BC5F7F /* Hypnosister */ = {
			isa = PBXNativeTarget;
			buildConfigurationList = 9A2CD0C01A8AF06400BC5F7F /* Build configuration list for PBXNativeTarget "Hypnosister" */;
			buildPhases = (
				9A2CD0991A8AF06400BC5F7F /* Sources */,
				9A2CD09A1A8AF06400BC5F7F /* Frameworks */,
				9A2CD09B1A8AF06400BC5F7F /* Resources */,
			);
			buildRules = (
			);
			dependencies = (
			);
			name = Hypnosister;
			productName = Hypnosister;
			productReference = 9A2CD09D1A8AF06400BC5F7F /* Hypnosister.app */;
			productType = "com.apple.product-type.application";
		};
		9A2CD0B51A8AF06400BC5F7F /* HypnosisterTests */ = {
			isa = PBXNativeTarget;
			buildConfigurationList = 9A2CD0C31A8AF06400BC5F7F /* Build configuration list for PBXNativeTarget "HypnosisterTests" */;
			buildPhases = (
				9A2CD0B21A8AF06400BC5F7F /* Sources */,
				9A2CD0B31A8AF06400BC5F7F /* Frameworks */,
				9A2CD0B41A8AF06400BC5F7F /* Resources */,
			);
			buildRules = (
			);
			dependencies = (
				9A2CD0B81A8AF06400BC5F7F /* PBXTargetDependency */,
			);
			name = HypnosisterTests;
			productName = HypnosisterTests;
			productReference = 9A2CD0B61A8AF06400BC5F7F /* HypnosisterTests.xctest */;
			productType = "com.apple.product-type.bundle.unit-test";
		};
/* End PBXNativeTarget section */

/* Begin PBXProject section */
		9A2CD0951A8AF06400BC5F7F /* Project object */ = {
			isa = PBXProject;
			attributes = {
				CLASSPREFIX = BNR;
				LastUpgradeCheck = 0610;
				ORGANIZATIONNAME = "Big Nerd Ranch";
				TargetAttributes = {
					9A2CD09C1A8AF06400BC5F7F = {
						CreatedOnToolsVersion = 6.1.1;
					};
					9A2CD0B51A8AF06400BC5F7F = {
						CreatedOnToolsVersion = 6.1.1;
						TestTargetID = 9A2CD09C1A8AF06400BC5F7F;
					};
				};
			};
			buildConfigurationList = 9A2CD0981A8AF06400BC5F7F /* Build configuration list for PBXProject "Hypnosister" */;
			compatibilityVersion = "Xcode 3.2";
			developmentRegion = English;
			hasScannedForEncodings = 0;
			knownRegions = (
				en,
				Base,
			);
			mainGroup = 9A2CD0941A8AF06400BC5F7F;
			productRefGroup = 9A2CD09E1A8AF06400BC5F7F /* Products */;
			projectDirPath = "";
			projectRoot = "";
			targets = (
				9A2CD09C1A8AF06400BC5F7F /* Hypnosister */,
				9A2CD0B51A8AF06400BC5F7F /* HypnosisterTests */,
			);
		};
/* End PBXProject section */

/* Begin PBXResourcesBuildPhase section */
		9A2CD09B1A8AF06400BC5F7F /* Resources */ = {
			isa = PBXResourcesBuildPhase;
			buildActionMask = 2147483647;
			files = (
				9A2CD0AC1A8AF06400BC5F7F /* Main.storyboard in Resources */,
				9A2CD0B11A8AF06400BC5F7F /* LaunchScreen.xib in Resources */,
				9A2CD0AE1A8AF06400BC5F7F /* Images.xcassets in Resources */,
			);
			runOnlyForDeploymentPostprocessing = 0;
		};
		9A2CD0B41A8AF06400BC5F7F /* Resources */ = {
			isa = PBXResourcesBuildPhase;
			buildActionMask = 2147483647;
			files = (
			);
			runOnlyForDeploymentPostprocessing = 0;
		};
/* End PBXResourcesBuildPhase section */

/* Begin PBXSourcesBuildPhase section */
		9A2CD0991A8AF06400BC5F7F /* Sources */ = {
			isa = PBXSourcesBuildPhase;
			buildActionMask = 2147483647;
			files = (
				9A2CD0A91A8AF06400BC5F7F /* ViewController.m in Sources */,
				9A2CD0A61A8AF06400BC5F7F /* AppDelegate.m in Sources */,
				9A2CD0C81A8AF07D00BC5F7F /* BNRHypnosisView.m in Sources */,
				9A2CD0A31A8AF06400BC5F7F /* main.m in Sources */,
			);
			runOnlyForDeploymentPostprocessing = 0;
		};
		9A2CD0B21A8AF06400BC5F7F /* Sources */ = {
			isa = PBXSourcesBuildPhase;
			buildActionMask = 2147483647;
			files = (
				9A2CD0BD1A8AF06400BC5F7F /* HypnosisterTests.m in Sources */,
			);
			runOnlyForDeploymentPostprocessing = 0;
		};
/* End PBXSourcesBuildPhase section */

/* Begin PBXTargetDependency section */
		9A2CD0B81A8AF06400BC5F7F /* PBXTargetDependency */ = {
			isa = PBXTargetDependency;
			target = 9A2CD09C1A8AF06400BC5F7F /* Hypnosister */;
			targetProxy = 9A2CD0B71A8AF06400BC5F7F /* PBXContainerItemProxy */;
		};
/* End PBXTargetDependency section */

/* Begin PBXVariantGroup section */
		9A2CD0AA1A8AF06400BC5F7F /* Main.storyboard */ = {
			isa = PBXVariantGroup;
			children = (
				9A2CD0AB1A8AF06400BC5F7F /* Base */,
			);
			name = Main.storyboard;
			sourceTree = "<group>";
		};
		9A2CD0AF1A8AF06400BC5F7F /* LaunchScreen.xib */ = {
			isa = PBXVariantGroup;
			children = (
				9A2CD0B01A8AF06400BC5F7F /* Base */,
			);
			name = LaunchScreen.xib;
			sourceTree = "<group>";
		};
/* End PBXVariantGroup section */

/* Begin XCBuildConfiguration section */
		9A2CD0BE1A8AF06400BC5F7F /* Debug */ = {
			isa = XCBuildConfiguration;
			buildSettings = {
				ALWAYS_SEARCH_USER_PATHS = NO;
				CLANG_CXX_LANGUAGE_STANDARD = "gnu++0x";
				CLANG_CXX_LIBRARY = "libc++";
				CLANG_ENABLE_MODULES = YES;
				CLANG_ENABLE_OBJC_ARC = YES;
				CLANG_WARN_BOOL_CONVERSION = YES;
				CLANG_WARN_CONSTANT_CONVERSION = YES;
				CLANG_WARN_DIRECT_OBJC_ISA_USAGE = YES_ERROR;
				CLANG_WARN_EMPTY_BODY = YES;
				CLANG_WARN_ENUM_CONVERSION = YES;
				CLANG_WARN_INT_CONVERSION = YES;
				CLANG_WARN_OBJC_ROOT_CLASS = YES_ERROR;
				CLANG_WARN_UNREACHABLE_CODE = YES;
				CLANG_WARN__DUPLICATE_METHOD_MATCH = YES;
				"CODE_SIGN_IDENTITY[sdk=iphoneos*]" = "iPhone Developer";
				COPY_PHASE_STRIP = NO;
				ENABLE_STRICT_OBJC_MSGSEND = YES;
				GCC_C_LANGUAGE_STANDARD = gnu99;
				GCC_DYNAMIC_NO_PIC = NO;
				GCC_OPTIMIZATION_LEVEL = 0;
				GCC_PREPROCESSOR_DEFINITIONS = (
					"DEBUG=1",
					"$(inherited)",
				);
				GCC_SYMBOLS_PRIVATE_EXTERN = NO;
				GCC_WARN_64_TO_32_BIT_CONVERSION = YES;
				GCC_WARN_ABOUT_RETURN_TYPE = YES_ERROR;
				GCC_WARN_UNDECLARED_SELECTOR = YES;
				GCC_WARN_UNINITIALIZED_AUTOS = YES_AGGRESSIVE;
				GCC_WARN_UNUSED_FUNCTION = YES;
				GCC_WARN_UNUSED_VARIABLE = YES;
				IPHONEOS_DEPLOYMENT_TARGET = 8.1;
				MTL_ENABLE_DEBUG_INFO = YES;
				ONLY_ACTIVE_ARCH = YES;
				SDKROOT = iphoneos;
			};
			name = Debug;
		};
		9A2CD0BF1A8AF06400BC5F7F /* Release */ = {
			isa = XCBuildConfiguration;
			buildSettings = {
				ALWAYS_SEARCH_USER_PATHS = NO;
				CLANG_CXX_LANGUAGE_STANDARD = "gnu++0x";
				CLANG_CXX_LIBRARY = "libc++";
				CLANG_ENABLE_MODULES = YES;
				CLANG_ENABLE_OBJC_ARC = YES;
				CLANG_WARN_BOOL_CONVERSION = YES;
				CLANG_WARN_CONSTANT_CONVERSION = YES;
				CLANG_WARN_DIRECT_OBJC_ISA_USAGE = YES_ERROR;
				CLANG_WARN_EMPTY_BODY = YES;
				CLANG_WARN_ENUM_CONVERSION = YES;
				CLANG_WARN_INT_CONVERSION = YES;
				CLANG_WARN_OBJC_ROOT_CLASS = YES_ERROR;
				CLANG_WARN_UNREACHABLE_CODE = YES;
				CLANG_WARN__DUPLICATE_METHOD_MATCH = YES;
				"CODE_SIGN_IDENTITY[sdk=iphoneos*]" = "iPhone Developer";
				COPY_PHASE_STRIP = YES;
				ENABLE_NS_ASSERTIONS = NO;
				ENABLE_STRICT_OBJC_MSGSEND = YES;
				GCC_C_LANGUAGE_STANDARD = gnu99;
				GCC_WARN_64_TO_32_BIT_CONVERSION = YES;
				GCC_WARN_ABOUT_RETURN_TYPE = YES_ERROR;
				GCC_WARN_UNDECLARED_SELECTOR = YES;
				GCC_WARN_UNINITIALIZED_AUTOS = YES_AGGRESSIVE;
				GCC_WARN_UNUSED_FUNCTION = YES;
				GCC_WARN_UNUSED_VARIABLE = YES;
				IPHONEOS_DEPLOYMENT_TARGET = 8.1;
				MTL_ENABLE_DEBUG_INFO = NO;
				SDKROOT = iphoneos;
				VALIDATE_PRODUCT = YES;
			};
			name = Release;
		};
		9A2CD0C11A8AF06400BC5F7F /* Debug */ = {
			isa = XCBuildConfiguration;
			buildSettings = {
				ASSETCATALOG_COMPILER_APPICON_NAME = AppIcon;
				INFOPLIST_FILE = Hypnosister/Info.plist;
				LD_RUNPATH_SEARCH_PATHS = "$(inherited) @executable_path/Frameworks";
				PRODUCT_NAME = "$(TARGET_NAME)";
			};
			name = Debug;
		};
		9A2CD0C21A8AF06400BC5F7F /* Release */ = {
			isa = XCBuildConfiguration;
			buildSettings = {
				ASSETCATALOG_COMPILER_APPICON_NAME = AppIcon;
				INFOPLIST_FILE = Hypnosister/Info.plist;
				LD_RUNPATH_SEARCH_PATHS = "$(inherited) @executable_path/Frameworks";
				PRODUCT_NAME = "$(TARGET_NAME)";
			};
			name = Release;
		};
		9A2CD0C41A8AF06400BC5F7F /* Debug */ = {
			isa = XCBuildConfiguration;
			buildSettings = {
				BUNDLE_LOADER = "$(TEST_HOST)";
				FRAMEWORK_SEARCH_PATHS = (
					"$(SDKROOT)/Developer/Library/Frameworks",
					"$(inherited)",
				);
				GCC_PREPROCESSOR_DEFINITIONS = (
					"DEBUG=1",
					"$(inherited)",
				);
				INFOPLIST_FILE = HypnosisterTests/Info.plist;
				LD_RUNPATH_SEARCH_PATHS = "$(inherited) @executable_path/Frameworks @loader_path/Frameworks";
				PRODUCT_NAME = "$(TARGET_NAME)";
				TEST_HOST = "$(BUILT_PRODUCTS_DIR)/Hypnosister.app/Hypnosister";
			};
			name = Debug;
		};
		9A2CD0C51A8AF06400BC5F7F /* Release */ = {
			isa = XCBuildConfiguration;
			buildSettings = {
				BUNDLE_LOADER = "$(TEST_HOST)";
				FRAMEWORK_SEARCH_PATHS = (
					"$(SDKROOT)/Developer/Library/Frameworks",
					"$(inherited)",
				);
				INFOPLIST_FILE = HypnosisterTests/Info.plist;
				LD_RUNPATH_SEARCH_PATHS = "$(inherited) @executable_path/Frameworks @loader_path/Frameworks";
				PRODUCT_NAME = "$(TARGET_NAME)";
				TEST_HOST = "$(BUILT_PRODUCTS_DIR)/Hypnosister.app/Hypnosister";
			};
			name = Release;
		};
/* End XCBuildConfiguration section */

/* Begin XCConfigurationList section */
		9A2CD0981A8AF06400BC5F7F /* Build configuration list for PBXProject "Hypnosister" */ = {
			isa = XCConfigurationList;
			buildConfigurations = (
				9A2CD0BE1A8AF06400BC5F7F /* Debug */,
				9A2CD0BF1A8AF06400BC5F7F /* Release */,
			);
			defaultConfigurationIsVisible = 0;
			defaultConfigurationName = Release;
		};
		9A2CD0C01A8AF06400BC5F7F /* Build configuration list for PBXNativeTarget "Hypnosister" */ = {
			isa = XCConfigurationList;
			buildConfigurations = (
				9A2CD0C11A8AF06400BC5F7F /* Debug */,
				9A2CD0C21A8AF06400BC5F7F /* Release */,
			);
			defaultConfigurationIsVisible = 0;
		};
		9A2CD0C31A8AF06400BC5F7F /* Build configuration list for PBXNativeTarget "HypnosisterTests" */ = {
			isa = XCConfigurationList;
			buildConfigurations = (
				9A2CD0C41A8AF06400BC5F7F /* Debug */,
				9A2CD0C51A8AF06400BC5F7F /* Release */,
			);
			defaultConfigurationIsVisible = 0;
		};
/* End XCConfigurationList section */
	};
	rootObject = 9A2CD0951A8AF06400BC5F7F /* Project object */;
}
