// !$*UTF8*$!
{
	archiveVersion = 1;
	classes = {
	};
	objectVersion = 46;
	objects = {

/* Begin PBXBuildFile section */
		9A2FE50E1A7DA3FD000B33CD /* main.m in Sources */ = {isa = PBXBuildFile; fileRef = 9A2FE50D1A7DA3FD000B33CD /* main.m */; };
		9A2FE5111A7DA3FD000B33CD /* AppDelegate.m in Sources */ = {isa = PBXBuildFile; fileRef = 9A2FE5101A7DA3FD000B33CD /* AppDelegate.m */; };
		9A2FE5141A7DA3FD000B33CD /* ViewController.m in Sources */ = {isa = PBXBuildFile; fileRef = 9A2FE5131A7DA3FD000B33CD /* ViewController.m */; };
		9A2FE5171A7DA3FD000B33CD /* Main.storyboard in Resources */ = {isa = PBXBuildFile; fileRef = 9A2FE5151A7DA3FD000B33CD /* Main.storyboard */; };
		9A2FE5191A7DA3FD000B33CD /* Images.xcassets in Resources */ = {isa = PBXBuildFile; fileRef = 9A2FE5181A7DA3FD000B33CD /* Images.xcassets */; };
		9A2FE51C1A7DA3FD000B33CD /* LaunchScreen.xib in Resources */ = {isa = PBXBuildFile; fileRef = 9A2FE51A1A7DA3FD000B33CD /* LaunchScreen.xib */; };
		9A2FE5281A7DA3FD000B33CD /* QuizTests.m in Sources */ = {isa = PBXBuildFile; fileRef = 9A2FE5271A7DA3FD000B33CD /* QuizTests.m */; };
		9A2FE5341A7DA5B7000B33CD /* BNRQuizViewController.m in Sources */ = {isa = PBXBuildFile; fileRef = 9A2FE5321A7DA5B7000B33CD /* BNRQuizViewController.m */; };
		9A2FE5351A7DA5B7000B33CD /* BNRQuizViewController.xib in Resources */ = {isa = PBXBuildFile; fileRef = 9A2FE5331A7DA5B7000B33CD /* BNRQuizViewController.xib */; };
/* End PBXBuildFile section */

/* Begin PBXContainerItemProxy section */
		9A2FE5221A7DA3FD000B33CD /* PBXContainerItemProxy */ = {
			isa = PBXContainerItemProxy;
			containerPortal = 9A2FE5001A7DA3FD000B33CD /* Project object */;
			proxyType = 1;
			remoteGlobalIDString = 9A2FE5071A7DA3FD000B33CD;
			remoteInfo = Quiz;
		};
/* End PBXContainerItemProxy section */

/* Begin PBXFileReference section */
		9A2FE5081A7DA3FD000B33CD /* Quiz.app */ = {isa = PBXFileReference; explicitFileType = wrapper.application; includeInIndex = 0; path = Quiz.app; sourceTree = BUILT_PRODUCTS_DIR; };
		9A2FE50C1A7DA3FD000B33CD /* Info.plist */ = {isa = PBXFileReference; lastKnownFileType = text.plist.xml; path = Info.plist; sourceTree = "<group>"; };
		9A2FE50D1A7DA3FD000B33CD /* main.m */ = {isa = PBXFileReference; lastKnownFileType = sourcecode.c.objc; path = main.m; sourceTree = "<group>"; };
		9A2FE50F1A7DA3FD000B33CD /* AppDelegate.h */ = {isa = PBXFileReference; lastKnownFileType = sourcecode.c.h; path = AppDelegate.h; sourceTree = "<group>"; };
		9A2FE5101A7DA3FD000B33CD /* AppDelegate.m */ = {isa = PBXFileReference; lastKnownFileType = sourcecode.c.objc; path = AppDelegate.m; sourceTree = "<group>"; };
		9A2FE5121A7DA3FD000B33CD /* ViewController.h */ = {isa = PBXFileReference; lastKnownFileType = sourcecode.c.h; path = ViewController.h; sourceTree = "<group>"; };
		9A2FE5131A7DA3FD000B33CD /* ViewController.m */ = {isa = PBXFileReference; lastKnownFileType = sourcecode.c.objc; path = ViewController.m; sourceTree = "<group>"; };
		9A2FE5161A7DA3FD000B33CD /* Base */ = {isa = PBXFileReference; lastKnownFileType = file.storyboard; name = Base; path = Base.lproj/Main.storyboard; sourceTree = "<group>"; };
		9A2FE5181A7DA3FD000B33CD /* Images.xcassets */ = {isa = PBXFileReference; lastKnownFileType = folder.assetcatalog; path = Images.xcassets; sourceTree = "<group>"; };
		9A2FE51B1A7DA3FD000B33CD /* Base */ = {isa = PBXFileReference; lastKnownFileType = file.xib; name = Base; path = Base.lproj/LaunchScreen.xib; sourceTree = "<group>"; };
		9A2FE5211A7DA3FD000B33CD /* QuizTests.xctest */ = {isa = PBXFileReference; explicitFileType = wrapper.cfbundle; includeInIndex = 0; path = QuizTests.xctest; sourceTree = BUILT_PRODUCTS_DIR; };
		9A2FE5261A7DA3FD000B33CD /* Info.plist */ = {isa = PBXFileReference; lastKnownFileType = text.plist.xml; path = Info.plist; sourceTree = "<group>"; };
		9A2FE5271A7DA3FD000B33CD /* QuizTests.m */ = {isa = PBXFileReference; lastKnownFileType = sourcecode.c.objc; path = QuizTests.m; sourceTree = "<group>"; };
		9A2FE5311A7DA5B7000B33CD /* BNRQuizViewController.h */ = {isa = PBXFileReference; fileEncoding = 4; lastKnownFileType = sourcecode.c.h; path = BNRQuizViewController.h; sourceTree = "<group>"; };
		9A2FE5321A7DA5B7000B33CD /* BNRQuizViewController.m */ = {isa = PBXFileReference; fileEncoding = 4; lastKnownFileType = sourcecode.c.objc; path = BNRQuizViewController.m; sourceTree = "<group>"; };
		9A2FE5331A7DA5B7000B33CD /* BNRQuizViewController.xib */ = {isa = PBXFileReference; fileEncoding = 4; lastKnownFileType = file.xib; path = BNRQuizViewController.xib; sourceTree = "<group>"; };
/* End PBXFileReference section */

/* Begin PBXFrameworksBuildPhase section */
		9A2FE5051A7DA3FD000B33CD /* Frameworks */ = {
			isa = PBXFrameworksBuildPhase;
			buildActionMask = 2147483647;
			files = (
			);
			runOnlyForDeploymentPostprocessing = 0;
		};
		9A2FE51E1A7DA3FD000B33CD /* Frameworks */ = {
			isa = PBXFrameworksBuildPhase;
			buildActionMask = 2147483647;
			files = (
			);
			runOnlyForDeploymentPostprocessing = 0;
		};
/* End PBXFrameworksBuildPhase section */

/* Begin PBXGroup section */
		9A2FE4FF1A7DA3FD000B33CD = {
			isa = PBXGroup;
			children = (
				9A2FE50A1A7DA3FD000B33CD /* Quiz */,
				9A2FE5241A7DA3FD000B33CD /* QuizTests */,
				9A2FE5091A7DA3FD000B33CD /* Products */,
			);
			sourceTree = "<group>";
		};
		9A2FE5091A7DA3FD000B33CD /* Products */ = {
			isa = PBXGroup;
			children = (
				9A2FE5081A7DA3FD000B33CD /* Quiz.app */,
				9A2FE5211A7DA3FD000B33CD /* QuizTests.xctest */,
			);
			name = Products;
			sourceTree = "<group>";
		};
		9A2FE50A1A7DA3FD000B33CD /* Quiz */ = {
			isa = PBXGroup;
			children = (
				9A2FE50F1A7DA3FD000B33CD /* AppDelegate.h */,
				9A2FE5311A7DA5B7000B33CD /* BNRQuizViewController.h */,
				9A2FE5321A7DA5B7000B33CD /* BNRQuizViewController.m */,
				9A2FE5331A7DA5B7000B33CD /* BNRQuizViewController.xib */,
				9A2FE5101A7DA3FD000B33CD /* AppDelegate.m */,
				9A2FE5121A7DA3FD000B33CD /* ViewController.h */,
				9A2FE5131A7DA3FD000B33CD /* ViewController.m */,
				9A2FE5151A7DA3FD000B33CD /* Main.storyboard */,
				9A2FE5181A7DA3FD000B33CD /* Images.xcassets */,
				9A2FE51A1A7DA3FD000B33CD /* LaunchScreen.xib */,
				9A2FE50B1A7DA3FD000B33CD /* Supporting Files */,
			);
			path = Quiz;
			sourceTree = "<group>";
		};
		9A2FE50B1A7DA3FD000B33CD /* Supporting Files */ = {
			isa = PBXGroup;
			children = (
				9A2FE50C1A7DA3FD000B33CD /* Info.plist */,
				9A2FE50D1A7DA3FD000B33CD /* main.m */,
			);
			name = "Supporting Files";
			sourceTree = "<group>";
		};
		9A2FE5241A7DA3FD000B33CD /* QuizTests */ = {
			isa = PBXGroup;
			children = (
				9A2FE5271A7DA3FD000B33CD /* QuizTests.m */,
				9A2FE5251A7DA3FD000B33CD /* Supporting Files */,
			);
			path = QuizTests;
			sourceTree = "<group>";
		};
		9A2FE5251A7DA3FD000B33CD /* Supporting Files */ = {
			isa = PBXGroup;
			children = (
				9A2FE5261A7DA3FD000B33CD /* Info.plist */,
			);
			name = "Supporting Files";
			sourceTree = "<group>";
		};
/* End PBXGroup section */

/* Begin PBXNativeTarget section */
		9A2FE5071A7DA3FD000B33CD /* Quiz */ = {
			isa = PBXNativeTarget;
			buildConfigurationList = 9A2FE52B1A7DA3FD000B33CD /* Build configuration list for PBXNativeTarget "Quiz" */;
			buildPhases = (
				9A2FE5041A7DA3FD000B33CD /* Sources */,
				9A2FE5051A7DA3FD000B33CD /* Frameworks */,
				9A2FE5061A7DA3FD000B33CD /* Resources */,
			);
			buildRules = (
			);
			dependencies = (
			);
			name = Quiz;
			productName = Quiz;
			productReference = 9A2FE5081A7DA3FD000B33CD /* Quiz.app */;
			productType = "com.apple.product-type.application";
		};
		9A2FE5201A7DA3FD000B33CD /* QuizTests */ = {
			isa = PBXNativeTarget;
			buildConfigurationList = 9A2FE52E1A7DA3FD000B33CD /* Build configuration list for PBXNativeTarget "QuizTests" */;
			buildPhases = (
				9A2FE51D1A7DA3FD000B33CD /* Sources */,
				9A2FE51E1A7DA3FD000B33CD /* Frameworks */,
				9A2FE51F1A7DA3FD000B33CD /* Resources */,
			);
			buildRules = (
			);
			dependencies = (
				9A2FE5231A7DA3FD000B33CD /* PBXTargetDependency */,
			);
			name = QuizTests;
			productName = QuizTests;
			productReference = 9A2FE5211A7DA3FD000B33CD /* QuizTests.xctest */;
			productType = "com.apple.product-type.bundle.unit-test";
		};
/* End PBXNativeTarget section */

/* Begin PBXProject section */
		9A2FE5001A7DA3FD000B33CD /* Project object */ = {
			isa = PBXProject;
			attributes = {
				CLASSPREFIX = BNR;
				LastUpgradeCheck = 0610;
				ORGANIZATIONNAME = "Big Nerd Ranch";
				TargetAttributes = {
					9A2FE5071A7DA3FD000B33CD = {
						CreatedOnToolsVersion = 6.1.1;
					};
					9A2FE5201A7DA3FD000B33CD = {
						CreatedOnToolsVersion = 6.1.1;
						TestTargetID = 9A2FE5071A7DA3FD000B33CD;
					};
				};
			};
			buildConfigurationList = 9A2FE5031A7DA3FD000B33CD /* Build configuration list for PBXProject "Quiz" */;
			compatibilityVersion = "Xcode 3.2";
			developmentRegion = English;
			hasScannedForEncodings = 0;
			knownRegions = (
				en,
				Base,
			);
			mainGroup = 9A2FE4FF1A7DA3FD000B33CD;
			productRefGroup = 9A2FE5091A7DA3FD000B33CD /* Products */;
			projectDirPath = "";
			projectRoot = "";
			targets = (
				9A2FE5071A7DA3FD000B33CD /* Quiz */,
				9A2FE5201A7DA3FD000B33CD /* QuizTests */,
			);
		};
/* End PBXProject section */

/* Begin PBXResourcesBuildPhase section */
		9A2FE5061A7DA3FD000B33CD /* Resources */ = {
			isa = PBXResourcesBuildPhase;
			buildActionMask = 2147483647;
			files = (
				9A2FE5351A7DA5B7000B33CD /* BNRQuizViewController.xib in Resources */,
				9A2FE5171A7DA3FD000B33CD /* Main.storyboard in Resources */,
				9A2FE51C1A7DA3FD000B33CD /* LaunchScreen.xib in Resources */,
				9A2FE5191A7DA3FD000B33CD /* Images.xcassets in Resources */,
			);
			runOnlyForDeploymentPostprocessing = 0;
		};
		9A2FE51F1A7DA3FD000B33CD /* Resources */ = {
			isa = PBXResourcesBuildPhase;
			buildActionMask = 2147483647;
			files = (
			);
			runOnlyForDeploymentPostprocessing = 0;
		};
/* End PBXResourcesBuildPhase section */

/* Begin PBXSourcesBuildPhase section */
		9A2FE5041A7DA3FD000B33CD /* Sources */ = {
			isa = PBXSourcesBuildPhase;
			buildActionMask = 2147483647;
			files = (
				9A2FE5341A7DA5B7000B33CD /* BNRQuizViewController.m in Sources */,
				9A2FE5141A7DA3FD000B33CD /* ViewController.m in Sources */,
				9A2FE5111A7DA3FD000B33CD /* AppDelegate.m in Sources */,
				9A2FE50E1A7DA3FD000B33CD /* main.m in Sources */,
			);
			runOnlyForDeploymentPostprocessing = 0;
		};
		9A2FE51D1A7DA3FD000B33CD /* Sources */ = {
			isa = PBXSourcesBuildPhase;
			buildActionMask = 2147483647;
			files = (
				9A2FE5281A7DA3FD000B33CD /* QuizTests.m in Sources */,
			);
			runOnlyForDeploymentPostprocessing = 0;
		};
/* End PBXSourcesBuildPhase section */

/* Begin PBXTargetDependency section */
		9A2FE5231A7DA3FD000B33CD /* PBXTargetDependency */ = {
			isa = PBXTargetDependency;
			target = 9A2FE5071A7DA3FD000B33CD /* Quiz */;
			targetProxy = 9A2FE5221A7DA3FD000B33CD /* PBXContainerItemProxy */;
		};
/* End PBXTargetDependency section */

/* Begin PBXVariantGroup section */
		9A2FE5151A7DA3FD000B33CD /* Main.storyboard */ = {
			isa = PBXVariantGroup;
			children = (
				9A2FE5161A7DA3FD000B33CD /* Base */,
			);
			name = Main.storyboard;
			sourceTree = "<group>";
		};
		9A2FE51A1A7DA3FD000B33CD /* LaunchScreen.xib */ = {
			isa = PBXVariantGroup;
			children = (
				9A2FE51B1A7DA3FD000B33CD /* Base */,
			);
			name = LaunchScreen.xib;
			sourceTree = "<group>";
		};
/* End PBXVariantGroup section */

/* Begin XCBuildConfiguration section */
		9A2FE5291A7DA3FD000B33CD /* Debug */ = {
			isa = XCBuildConfiguration;
			buildSettings = {
				ALWAYS_SEARCH_USER_PATHS = NO;
				CLANG_CXX_LANGUAGE_STANDARD = "gnu++0x";
				CLANG_CXX_LIBRARY = "libc++";
				CLANG_ENABLE_MODULES = YES;
				CLANG_ENABLE_OBJC_ARC = YES;
				CLANG_WARN_BOOL_CONVERSION = YES;
				CLANG_WARN_CONSTANT_CONVERSION = YES;
				CLANG_WARN_DIRECT_OBJC_ISA_USAGE = YES_ERROR;
				CLANG_WARN_EMPTY_BODY = YES;
				CLANG_WARN_ENUM_CONVERSION = YES;
				CLANG_WARN_INT_CONVERSION = YES;
				CLANG_WARN_OBJC_ROOT_CLASS = YES_ERROR;
				CLANG_WARN_UNREACHABLE_CODE = YES;
				CLANG_WARN__DUPLICATE_METHOD_MATCH = YES;
				"CODE_SIGN_IDENTITY[sdk=iphoneos*]" = "iPhone Developer";
				COPY_PHASE_STRIP = NO;
				ENABLE_STRICT_OBJC_MSGSEND = YES;
				GCC_C_LANGUAGE_STANDARD = gnu99;
				GCC_DYNAMIC_NO_PIC = NO;
				GCC_OPTIMIZATION_LEVEL = 0;
				GCC_PREPROCESSOR_DEFINITIONS = (
					"DEBUG=1",
					"$(inherited)",
				);
				GCC_SYMBOLS_PRIVATE_EXTERN = NO;
				GCC_WARN_64_TO_32_BIT_CONVERSION = YES;
				GCC_WARN_ABOUT_RETURN_TYPE = YES_ERROR;
				GCC_WARN_UNDECLARED_SELECTOR = YES;
				GCC_WARN_UNINITIALIZED_AUTOS = YES_AGGRESSIVE;
				GCC_WARN_UNUSED_FUNCTION = YES;
				GCC_WARN_UNUSED_VARIABLE = YES;
				IPHONEOS_DEPLOYMENT_TARGET = 8.1;
				MTL_ENABLE_DEBUG_INFO = YES;
				ONLY_ACTIVE_ARCH = YES;
				SDKROOT = iphoneos;
			};
			name = Debug;
		};
		9A2FE52A1A7DA3FD000B33CD /* Release */ = {
			isa = XCBuildConfiguration;
			buildSettings = {
				ALWAYS_SEARCH_USER_PATHS = NO;
				CLANG_CXX_LANGUAGE_STANDARD = "gnu++0x";
				CLANG_CXX_LIBRARY = "libc++";
				CLANG_ENABLE_MODULES = YES;
				CLANG_ENABLE_OBJC_ARC = YES;
				CLANG_WARN_BOOL_CONVERSION = YES;
				CLANG_WARN_CONSTANT_CONVERSION = YES;
				CLANG_WARN_DIRECT_OBJC_ISA_USAGE = YES_ERROR;
				CLANG_WARN_EMPTY_BODY = YES;
				CLANG_WARN_ENUM_CONVERSION = YES;
				CLANG_WARN_INT_CONVERSION = YES;
				CLANG_WARN_OBJC_ROOT_CLASS = YES_ERROR;
				CLANG_WARN_UNREACHABLE_CODE = YES;
				CLANG_WARN__DUPLICATE_METHOD_MATCH = YES;
				"CODE_SIGN_IDENTITY[sdk=iphoneos*]" = "iPhone Developer";
				COPY_PHASE_STRIP = YES;
				ENABLE_NS_ASSERTIONS = NO;
				ENABLE_STRICT_OBJC_MSGSEND = YES;
				GCC_C_LANGUAGE_STANDARD = gnu99;
				GCC_WARN_64_TO_32_BIT_CONVERSION = YES;
				GCC_WARN_ABOUT_RETURN_TYPE = YES_ERROR;
				GCC_WARN_UNDECLARED_SELECTOR = YES;
				GCC_WARN_UNINITIALIZED_AUTOS = YES_AGGRESSIVE;
				GCC_WARN_UNUSED_FUNCTION = YES;
				GCC_WARN_UNUSED_VARIABLE = YES;
				IPHONEOS_DEPLOYMENT_TARGET = 8.1;
				MTL_ENABLE_DEBUG_INFO = NO;
				SDKROOT = iphoneos;
				VALIDATE_PRODUCT = YES;
			};
			name = Release;
		};
		9A2FE52C1A7DA3FD000B33CD /* Debug */ = {
			isa = XCBuildConfiguration;
			buildSettings = {
				ASSETCATALOG_COMPILER_APPICON_NAME = AppIcon;
				INFOPLIST_FILE = Quiz/Info.plist;
				LD_RUNPATH_SEARCH_PATHS = "$(inherited) @executable_path/Frameworks";
				PRODUCT_NAME = "$(TARGET_NAME)";
			};
			name = Debug;
		};
		9A2FE52D1A7DA3FD000B33CD /* Release */ = {
			isa = XCBuildConfiguration;
			buildSettings = {
				ASSETCATALOG_COMPILER_APPICON_NAME = AppIcon;
				INFOPLIST_FILE = Quiz/Info.plist;
				LD_RUNPATH_SEARCH_PATHS = "$(inherited) @executable_path/Frameworks";
				PRODUCT_NAME = "$(TARGET_NAME)";
			};
			name = Release;
		};
		9A2FE52F1A7DA3FD000B33CD /* Debug */ = {
			isa = XCBuildConfiguration;
			buildSettings = {
				BUNDLE_LOADER = "$(TEST_HOST)";
				FRAMEWORK_SEARCH_PATHS = (
					"$(SDKROOT)/Developer/Library/Frameworks",
					"$(inherited)",
				);
				GCC_PREPROCESSOR_DEFINITIONS = (
					"DEBUG=1",
					"$(inherited)",
				);
				INFOPLIST_FILE = QuizTests/Info.plist;
				LD_RUNPATH_SEARCH_PATHS = "$(inherited) @executable_path/Frameworks @loader_path/Frameworks";
				PRODUCT_NAME = "$(TARGET_NAME)";
				TEST_HOST = "$(BUILT_PRODUCTS_DIR)/Quiz.app/Quiz";
			};
			name = Debug;
		};
		9A2FE5301A7DA3FD000B33CD /* Release */ = {
			isa = XCBuildConfiguration;
			buildSettings = {
				BUNDLE_LOADER = "$(TEST_HOST)";
				FRAMEWORK_SEARCH_PATHS = (
					"$(SDKROOT)/Developer/Library/Frameworks",
					"$(inherited)",
				);
				INFOPLIST_FILE = QuizTests/Info.plist;
				LD_RUNPATH_SEARCH_PATHS = "$(inherited) @executable_path/Frameworks @loader_path/Frameworks";
				PRODUCT_NAME = "$(TARGET_NAME)";
				TEST_HOST = "$(BUILT_PRODUCTS_DIR)/Quiz.app/Quiz";
			};
			name = Release;
		};
/* End XCBuildConfiguration section */

/* Begin XCConfigurationList section */
		9A2FE5031A7DA3FD000B33CD /* Build configuration list for PBXProject "Quiz" */ = {
			isa = XCConfigurationList;
			buildConfigurations = (
				9A2FE5291A7DA3FD000B33CD /* Debug */,
				9A2FE52A1A7DA3FD000B33CD /* Release */,
			);
			defaultConfigurationIsVisible = 0;
			defaultConfigurationName = Release;
		};
		9A2FE52B1A7DA3FD000B33CD /* Build configuration list for PBXNativeTarget "Quiz" */ = {
			isa = XCConfigurationList;
			buildConfigurations = (
				9A2FE52C1A7DA3FD000B33CD /* Debug */,
				9A2FE52D1A7DA3FD000B33CD /* Release */,
			);
			defaultConfigurationIsVisible = 0;
		};
		9A2FE52E1A7DA3FD000B33CD /* Build configuration list for PBXNativeTarget "QuizTests" */ = {
			isa = XCConfigurationList;
			buildConfigurations = (
				9A2FE52F1A7DA3FD000B33CD /* Debug */,
				9A2FE5301A7DA3FD000B33CD /* Release */,
			);
			defaultConfigurationIsVisible = 0;
		};
/* End XCConfigurationList section */
	};
	rootObject = 9A2FE5001A7DA3FD000B33CD /* Project object */;
}
