// !$*UTF8*$!
{
	archiveVersion = 1;
	classes = {
	};
	objectVersion = 46;
	objects = {

/* Begin PBXBuildFile section */
		9AECA19F1A912A9F00D6BAAA /* main.m in Sources */ = {isa = PBXBuildFile; fileRef = 9AECA19E1A912A9F00D6BAAA /* main.m */; };
		9AECA1A21A912A9F00D6BAAA /* AppDelegate.m in Sources */ = {isa = PBXBuildFile; fileRef = 9AECA1A11A912A9F00D6BAAA /* AppDelegate.m */; };
		9AECA1A51A912A9F00D6BAAA /* ViewController.m in Sources */ = {isa = PBXBuildFile; fileRef = 9AECA1A41A912A9F00D6BAAA /* ViewController.m */; };
		9AECA1A81A912A9F00D6BAAA /* Main.storyboard in Resources */ = {isa = PBXBuildFile; fileRef = 9AECA1A61A912A9F00D6BAAA /* Main.storyboard */; };
		9AECA1AA1A912A9F00D6BAAA /* Images.xcassets in Resources */ = {isa = PBXBuildFile; fileRef = 9AECA1A91A912A9F00D6BAAA /* Images.xcassets */; };
		9AECA1AD1A912A9F00D6BAAA /* LaunchScreen.xib in Resources */ = {isa = PBXBuildFile; fileRef = 9AECA1AB1A912A9F00D6BAAA /* LaunchScreen.xib */; };
		9AECA1B91A912A9F00D6BAAA /* HypnoNerdTests.m in Sources */ = {isa = PBXBuildFile; fileRef = 9AECA1B81A912A9F00D6BAAA /* HypnoNerdTests.m */; };
		9AECA1C41A9131EE00D6BAAA /* BNRHypnosisView.m in Sources */ = {isa = PBXBuildFile; fileRef = 9AECA1C31A9131EE00D6BAAA /* BNRHypnosisView.m */; };
		9AECA1CA1A9133DC00D6BAAA /* BNRHypnosisViewController.m in Sources */ = {isa = PBXBuildFile; fileRef = 9AECA1C91A9133DC00D6BAAA /* BNRHypnosisViewController.m */; };
		9AECA1CD1A913AE500D6BAAA /* BNRReminderViewController.m in Sources */ = {isa = PBXBuildFile; fileRef = 9AECA1CC1A913AE500D6BAAA /* BNRReminderViewController.m */; };
		9AECA1D21A913C7F00D6BAAA /* BNRReminderViewController.xib in Resources */ = {isa = PBXBuildFile; fileRef = 9AECA1D11A913C7F00D6BAAA /* BNRReminderViewController.xib */; };
/* End PBXBuildFile section */

/* Begin PBXContainerItemProxy section */
		9AECA1B31A912A9F00D6BAAA /* PBXContainerItemProxy */ = {
			isa = PBXContainerItemProxy;
			containerPortal = 9AECA1911A912A9F00D6BAAA /* Project object */;
			proxyType = 1;
			remoteGlobalIDString = 9AECA1981A912A9F00D6BAAA;
			remoteInfo = HypnoNerd;
		};
/* End PBXContainerItemProxy section */

/* Begin PBXFileReference section */
		9AECA1991A912A9F00D6BAAA /* HypnoNerd.app */ = {isa = PBXFileReference; explicitFileType = wrapper.application; includeInIndex = 0; path = HypnoNerd.app; sourceTree = BUILT_PRODUCTS_DIR; };
		9AECA19D1A912A9F00D6BAAA /* Info.plist */ = {isa = PBXFileReference; lastKnownFileType = text.plist.xml; path = Info.plist; sourceTree = "<group>"; };
		9AECA19E1A912A9F00D6BAAA /* main.m */ = {isa = PBXFileReference; lastKnownFileType = sourcecode.c.objc; path = main.m; sourceTree = "<group>"; };
		9AECA1A01A912A9F00D6BAAA /* AppDelegate.h */ = {isa = PBXFileReference; lastKnownFileType = sourcecode.c.h; path = AppDelegate.h; sourceTree = "<group>"; };
		9AECA1A11A912A9F00D6BAAA /* AppDelegate.m */ = {isa = PBXFileReference; lastKnownFileType = sourcecode.c.objc; path = AppDelegate.m; sourceTree = "<group>"; };
		9AECA1A31A912A9F00D6BAAA /* ViewController.h */ = {isa = PBXFileReference; lastKnownFileType = sourcecode.c.h; path = ViewController.h; sourceTree = "<group>"; };
		9AECA1A41A912A9F00D6BAAA /* ViewController.m */ = {isa = PBXFileReference; lastKnownFileType = sourcecode.c.objc; path = ViewController.m; sourceTree = "<group>"; };
		9AECA1A71A912A9F00D6BAAA /* Base */ = {isa = PBXFileReference; lastKnownFileType = file.storyboard; name = Base; path = Base.lproj/Main.storyboard; sourceTree = "<group>"; };
		9AECA1A91A912A9F00D6BAAA /* Images.xcassets */ = {isa = PBXFileReference; lastKnownFileType = folder.assetcatalog; path = Images.xcassets; sourceTree = "<group>"; };
		9AECA1AC1A912A9F00D6BAAA /* Base */ = {isa = PBXFileReference; lastKnownFileType = file.xib; name = Base; path = Base.lproj/LaunchScreen.xib; sourceTree = "<group>"; };
		9AECA1B21A912A9F00D6BAAA /* HypnoNerdTests.xctest */ = {isa = PBXFileReference; explicitFileType = wrapper.cfbundle; includeInIndex = 0; path = HypnoNerdTests.xctest; sourceTree = BUILT_PRODUCTS_DIR; };
		9AECA1B71A912A9F00D6BAAA /* Info.plist */ = {isa = PBXFileReference; lastKnownFileType = text.plist.xml; path = Info.plist; sourceTree = "<group>"; };
		9AECA1B81A912A9F00D6BAAA /* HypnoNerdTests.m */ = {isa = PBXFileReference; lastKnownFileType = sourcecode.c.objc; path = HypnoNerdTests.m; sourceTree = "<group>"; };
		9AECA1C21A9131EE00D6BAAA /* BNRHypnosisView.h */ = {isa = PBXFileReference; fileEncoding = 4; lastKnownFileType = sourcecode.c.h; path = BNRHypnosisView.h; sourceTree = "<group>"; };
		9AECA1C31A9131EE00D6BAAA /* BNRHypnosisView.m */ = {isa = PBXFileReference; fileEncoding = 4; lastKnownFileType = sourcecode.c.objc; path = BNRHypnosisView.m; sourceTree = "<group>"; };
		9AECA1C81A9133DC00D6BAAA /* BNRHypnosisViewController.h */ = {isa = PBXFileReference; fileEncoding = 4; lastKnownFileType = sourcecode.c.h; name = BNRHypnosisViewController.h; path = ../BNRHypnosisViewController.h; sourceTree = "<group>"; };
		9AECA1C91A9133DC00D6BAAA /* BNRHypnosisViewController.m */ = {isa = PBXFileReference; fileEncoding = 4; lastKnownFileType = sourcecode.c.objc; name = BNRHypnosisViewController.m; path = ../BNRHypnosisViewController.m; sourceTree = "<group>"; };
		9AECA1CB1A913AE500D6BAAA /* BNRReminderViewController.h */ = {isa = PBXFileReference; fileEncoding = 4; lastKnownFileType = sourcecode.c.h; path = BNRReminderViewController.h; sourceTree = "<group>"; };
		9AECA1CC1A913AE500D6BAAA /* BNRReminderViewController.m */ = {isa = PBXFileReference; fileEncoding = 4; lastKnownFileType = sourcecode.c.objc; path = BNRReminderViewController.m; sourceTree = "<group>"; };
		9AECA1D11A913C7F00D6BAAA /* BNRReminderViewController.xib */ = {isa = PBXFileReference; fileEncoding = 4; lastKnownFileType = file.xib; path = BNRReminderViewController.xib; sourceTree = "<group>"; };
/* End PBXFileReference section */

/* Begin PBXFrameworksBuildPhase section */
		9AECA1961A912A9F00D6BAAA /* Frameworks */ = {
			isa = PBXFrameworksBuildPhase;
			buildActionMask = 2147483647;
			files = (
			);
			runOnlyForDeploymentPostprocessing = 0;
		};
		9AECA1AF1A912A9F00D6BAAA /* Frameworks */ = {
			isa = PBXFrameworksBuildPhase;
			buildActionMask = 2147483647;
			files = (
			);
			runOnlyForDeploymentPostprocessing = 0;
		};
/* End PBXFrameworksBuildPhase section */

/* Begin PBXGroup section */
		9AECA1901A912A9F00D6BAAA = {
			isa = PBXGroup;
			children = (
				9AECA19B1A912A9F00D6BAAA /* HypnoNerd */,
				9AECA1B51A912A9F00D6BAAA /* HypnoNerdTests */,
				9AECA19A1A912A9F00D6BAAA /* Products */,
			);
			sourceTree = "<group>";
		};
		9AECA19A1A912A9F00D6BAAA /* Products */ = {
			isa = PBXGroup;
			children = (
				9AECA1991A912A9F00D6BAAA /* HypnoNerd.app */,
				9AECA1B21A912A9F00D6BAAA /* HypnoNerdTests.xctest */,
			);
			name = Products;
			sourceTree = "<group>";
		};
		9AECA19B1A912A9F00D6BAAA /* HypnoNerd */ = {
			isa = PBXGroup;
			children = (
				9AECA1A01A912A9F00D6BAAA /* AppDelegate.h */,
				9AECA1A11A912A9F00D6BAAA /* AppDelegate.m */,
				9AECA1A31A912A9F00D6BAAA /* ViewController.h */,
				9AECA1A41A912A9F00D6BAAA /* ViewController.m */,
				9AECA1A61A912A9F00D6BAAA /* Main.storyboard */,
				9AECA1A91A912A9F00D6BAAA /* Images.xcassets */,
				9AECA1AB1A912A9F00D6BAAA /* LaunchScreen.xib */,
				9AECA1C21A9131EE00D6BAAA /* BNRHypnosisView.h */,
				9AECA1C31A9131EE00D6BAAA /* BNRHypnosisView.m */,
				9AECA1C81A9133DC00D6BAAA /* BNRHypnosisViewController.h */,
				9AECA1C91A9133DC00D6BAAA /* BNRHypnosisViewController.m */,
				9AECA1CB1A913AE500D6BAAA /* BNRReminderViewController.h */,
				9AECA1CC1A913AE500D6BAAA /* BNRReminderViewController.m */,
				9AECA1D11A913C7F00D6BAAA /* BNRReminderViewController.xib */,
				9AECA19C1A912A9F00D6BAAA /* Supporting Files */,
			);
			path = HypnoNerd;
			sourceTree = "<group>";
		};
		9AECA19C1A912A9F00D6BAAA /* Supporting Files */ = {
			isa = PBXGroup;
			children = (
				9AECA19D1A912A9F00D6BAAA /* Info.plist */,
				9AECA19E1A912A9F00D6BAAA /* main.m */,
			);
			name = "Supporting Files";
			sourceTree = "<group>";
		};
		9AECA1B51A912A9F00D6BAAA /* HypnoNerdTests */ = {
			isa = PBXGroup;
			children = (
				9AECA1B81A912A9F00D6BAAA /* HypnoNerdTests.m */,
				9AECA1B61A912A9F00D6BAAA /* Supporting Files */,
			);
			path = HypnoNerdTests;
			sourceTree = "<group>";
		};
		9AECA1B61A912A9F00D6BAAA /* Supporting Files */ = {
			isa = PBXGroup;
			children = (
				9AECA1B71A912A9F00D6BAAA /* Info.plist */,
			);
			name = "Supporting Files";
			sourceTree = "<group>";
		};
/* End PBXGroup section */

/* Begin PBXNativeTarget section */
		9AECA1981A912A9F00D6BAAA /* HypnoNerd */ = {
			isa = PBXNativeTarget;
			buildConfigurationList = 9AECA1BC1A912A9F00D6BAAA /* Build configuration list for PBXNativeTarget "HypnoNerd" */;
			buildPhases = (
				9AECA1951A912A9F00D6BAAA /* Sources */,
				9AECA1961A912A9F00D6BAAA /* Frameworks */,
				9AECA1971A912A9F00D6BAAA /* Resources */,
			);
			buildRules = (
			);
			dependencies = (
			);
			name = HypnoNerd;
			productName = HypnoNerd;
			productReference = 9AECA1991A912A9F00D6BAAA /* HypnoNerd.app */;
			productType = "com.apple.product-type.application";
		};
		9AECA1B11A912A9F00D6BAAA /* HypnoNerdTests */ = {
			isa = PBXNativeTarget;
			buildConfigurationList = 9AECA1BF1A912A9F00D6BAAA /* Build configuration list for PBXNativeTarget "HypnoNerdTests" */;
			buildPhases = (
				9AECA1AE1A912A9F00D6BAAA /* Sources */,
				9AECA1AF1A912A9F00D6BAAA /* Frameworks */,
				9AECA1B01A912A9F00D6BAAA /* Resources */,
			);
			buildRules = (
			);
			dependencies = (
				9AECA1B41A912A9F00D6BAAA /* PBXTargetDependency */,
			);
			name = HypnoNerdTests;
			productName = HypnoNerdTests;
			productReference = 9AECA1B21A912A9F00D6BAAA /* HypnoNerdTests.xctest */;
			productType = "com.apple.product-type.bundle.unit-test";
		};
/* End PBXNativeTarget section */

/* Begin PBXProject section */
		9AECA1911A912A9F00D6BAAA /* Project object */ = {
			isa = PBXProject;
			attributes = {
				LastUpgradeCheck = 0610;
				ORGANIZATIONNAME = "Big Nerd Ranch";
				TargetAttributes = {
					9AECA1981A912A9F00D6BAAA = {
						CreatedOnToolsVersion = 6.1.1;
					};
					9AECA1B11A912A9F00D6BAAA = {
						CreatedOnToolsVersion = 6.1.1;
						TestTargetID = 9AECA1981A912A9F00D6BAAA;
					};
				};
			};
			buildConfigurationList = 9AECA1941A912A9F00D6BAAA /* Build configuration list for PBXProject "HypnoNerd" */;
			compatibilityVersion = "Xcode 3.2";
			developmentRegion = English;
			hasScannedForEncodings = 0;
			knownRegions = (
				en,
				Base,
			);
			mainGroup = 9AECA1901A912A9F00D6BAAA;
			productRefGroup = 9AECA19A1A912A9F00D6BAAA /* Products */;
			projectDirPath = "";
			projectRoot = "";
			targets = (
				9AECA1981A912A9F00D6BAAA /* HypnoNerd */,
				9AECA1B11A912A9F00D6BAAA /* HypnoNerdTests */,
			);
		};
/* End PBXProject section */

/* Begin PBXResourcesBuildPhase section */
		9AECA1971A912A9F00D6BAAA /* Resources */ = {
			isa = PBXResourcesBuildPhase;
			buildActionMask = 2147483647;
			files = (
				9AECA1A81A912A9F00D6BAAA /* Main.storyboard in Resources */,
				9AECA1D21A913C7F00D6BAAA /* BNRReminderViewController.xib in Resources */,
				9AECA1AD1A912A9F00D6BAAA /* LaunchScreen.xib in Resources */,
				9AECA1AA1A912A9F00D6BAAA /* Images.xcassets in Resources */,
			);
			runOnlyForDeploymentPostprocessing = 0;
		};
		9AECA1B01A912A9F00D6BAAA /* Resources */ = {
			isa = PBXResourcesBuildPhase;
			buildActionMask = 2147483647;
			files = (
			);
			runOnlyForDeploymentPostprocessing = 0;
		};
/* End PBXResourcesBuildPhase section */

/* Begin PBXSourcesBuildPhase section */
		9AECA1951A912A9F00D6BAAA /* Sources */ = {
			isa = PBXSourcesBuildPhase;
			buildActionMask = 2147483647;
			files = (
				9AECA1A51A912A9F00D6BAAA /* ViewController.m in Sources */,
				9AECA1CD1A913AE500D6BAAA /* BNRReminderViewController.m in Sources */,
				9AECA1A21A912A9F00D6BAAA /* AppDelegate.m in Sources */,
				9AECA1C41A9131EE00D6BAAA /* BNRHypnosisView.m in Sources */,
				9AECA19F1A912A9F00D6BAAA /* main.m in Sources */,
				9AECA1CA1A9133DC00D6BAAA /* BNRHypnosisViewController.m in Sources */,
			);
			runOnlyForDeploymentPostprocessing = 0;
		};
		9AECA1AE1A912A9F00D6BAAA /* Sources */ = {
			isa = PBXSourcesBuildPhase;
			buildActionMask = 2147483647;
			files = (
				9AECA1B91A912A9F00D6BAAA /* HypnoNerdTests.m in Sources */,
			);
			runOnlyForDeploymentPostprocessing = 0;
		};
/* End PBXSourcesBuildPhase section */

/* Begin PBXTargetDependency section */
		9AECA1B41A912A9F00D6BAAA /* PBXTargetDependency */ = {
			isa = PBXTargetDependency;
			target = 9AECA1981A912A9F00D6BAAA /* HypnoNerd */;
			targetProxy = 9AECA1B31A912A9F00D6BAAA /* PBXContainerItemProxy */;
		};
/* End PBXTargetDependency section */

/* Begin PBXVariantGroup section */
		9AECA1A61A912A9F00D6BAAA /* Main.storyboard */ = {
			isa = PBXVariantGroup;
			children = (
				9AECA1A71A912A9F00D6BAAA /* Base */,
			);
			name = Main.storyboard;
			sourceTree = "<group>";
		};
		9AECA1AB1A912A9F00D6BAAA /* LaunchScreen.xib */ = {
			isa = PBXVariantGroup;
			children = (
				9AECA1AC1A912A9F00D6BAAA /* Base */,
			);
			name = LaunchScreen.xib;
			sourceTree = "<group>";
		};
/* End PBXVariantGroup section */

/* Begin XCBuildConfiguration section */
		9AECA1BA1A912A9F00D6BAAA /* Debug */ = {
			isa = XCBuildConfiguration;
			buildSettings = {
				ALWAYS_SEARCH_USER_PATHS = NO;
				CLANG_CXX_LANGUAGE_STANDARD = "gnu++0x";
				CLANG_CXX_LIBRARY = "libc++";
				CLANG_ENABLE_MODULES = YES;
				CLANG_ENABLE_OBJC_ARC = YES;
				CLANG_WARN_BOOL_CONVERSION = YES;
				CLANG_WARN_CONSTANT_CONVERSION = YES;
				CLANG_WARN_DIRECT_OBJC_ISA_USAGE = YES_ERROR;
				CLANG_WARN_EMPTY_BODY = YES;
				CLANG_WARN_ENUM_CONVERSION = YES;
				CLANG_WARN_INT_CONVERSION = YES;
				CLANG_WARN_OBJC_ROOT_CLASS = YES_ERROR;
				CLANG_WARN_UNREACHABLE_CODE = YES;
				CLANG_WARN__DUPLICATE_METHOD_MATCH = YES;
				"CODE_SIGN_IDENTITY[sdk=iphoneos*]" = "iPhone Developer";
				COPY_PHASE_STRIP = NO;
				ENABLE_STRICT_OBJC_MSGSEND = YES;
				GCC_C_LANGUAGE_STANDARD = gnu99;
				GCC_DYNAMIC_NO_PIC = NO;
				GCC_OPTIMIZATION_LEVEL = 0;
				GCC_PREPROCESSOR_DEFINITIONS = (
					"DEBUG=1",
					"$(inherited)",
				);
				GCC_SYMBOLS_PRIVATE_EXTERN = NO;
				GCC_WARN_64_TO_32_BIT_CONVERSION = YES;
				GCC_WARN_ABOUT_RETURN_TYPE = YES_ERROR;
				GCC_WARN_UNDECLARED_SELECTOR = YES;
				GCC_WARN_UNINITIALIZED_AUTOS = YES_AGGRESSIVE;
				GCC_WARN_UNUSED_FUNCTION = YES;
				GCC_WARN_UNUSED_VARIABLE = YES;
				IPHONEOS_DEPLOYMENT_TARGET = 8.1;
				MTL_ENABLE_DEBUG_INFO = YES;
				ONLY_ACTIVE_ARCH = YES;
				SDKROOT = iphoneos;
			};
			name = Debug;
		};
		9AECA1BB1A912A9F00D6BAAA /* Release */ = {
			isa = XCBuildConfiguration;
			buildSettings = {
				ALWAYS_SEARCH_USER_PATHS = NO;
				CLANG_CXX_LANGUAGE_STANDARD = "gnu++0x";
				CLANG_CXX_LIBRARY = "libc++";
				CLANG_ENABLE_MODULES = YES;
				CLANG_ENABLE_OBJC_ARC = YES;
				CLANG_WARN_BOOL_CONVERSION = YES;
				CLANG_WARN_CONSTANT_CONVERSION = YES;
				CLANG_WARN_DIRECT_OBJC_ISA_USAGE = YES_ERROR;
				CLANG_WARN_EMPTY_BODY = YES;
				CLANG_WARN_ENUM_CONVERSION = YES;
				CLANG_WARN_INT_CONVERSION = YES;
				CLANG_WARN_OBJC_ROOT_CLASS = YES_ERROR;
				CLANG_WARN_UNREACHABLE_CODE = YES;
				CLANG_WARN__DUPLICATE_METHOD_MATCH = YES;
				"CODE_SIGN_IDENTITY[sdk=iphoneos*]" = "iPhone Developer";
				COPY_PHASE_STRIP = YES;
				ENABLE_NS_ASSERTIONS = NO;
				ENABLE_STRICT_OBJC_MSGSEND = YES;
				GCC_C_LANGUAGE_STANDARD = gnu99;
				GCC_WARN_64_TO_32_BIT_CONVERSION = YES;
				GCC_WARN_ABOUT_RETURN_TYPE = YES_ERROR;
				GCC_WARN_UNDECLARED_SELECTOR = YES;
				GCC_WARN_UNINITIALIZED_AUTOS = YES_AGGRESSIVE;
				GCC_WARN_UNUSED_FUNCTION = YES;
				GCC_WARN_UNUSED_VARIABLE = YES;
				IPHONEOS_DEPLOYMENT_TARGET = 8.1;
				MTL_ENABLE_DEBUG_INFO = NO;
				SDKROOT = iphoneos;
				VALIDATE_PRODUCT = YES;
			};
			name = Release;
		};
		9AECA1BD1A912A9F00D6BAAA /* Debug */ = {
			isa = XCBuildConfiguration;
			buildSettings = {
				ASSETCATALOG_COMPILER_APPICON_NAME = AppIcon;
				INFOPLIST_FILE = HypnoNerd/Info.plist;
				LD_RUNPATH_SEARCH_PATHS = "$(inherited) @executable_path/Frameworks";
				PRODUCT_NAME = "$(TARGET_NAME)";
			};
			name = Debug;
		};
		9AECA1BE1A912A9F00D6BAAA /* Release */ = {
			isa = XCBuildConfiguration;
			buildSettings = {
				ASSETCATALOG_COMPILER_APPICON_NAME = AppIcon;
				INFOPLIST_FILE = HypnoNerd/Info.plist;
				LD_RUNPATH_SEARCH_PATHS = "$(inherited) @executable_path/Frameworks";
				PRODUCT_NAME = "$(TARGET_NAME)";
			};
			name = Release;
		};
		9AECA1C01A912A9F00D6BAAA /* Debug */ = {
			isa = XCBuildConfiguration;
			buildSettings = {
				BUNDLE_LOADER = "$(TEST_HOST)";
				FRAMEWORK_SEARCH_PATHS = (
					"$(SDKROOT)/Developer/Library/Frameworks",
					"$(inherited)",
				);
				GCC_PREPROCESSOR_DEFINITIONS = (
					"DEBUG=1",
					"$(inherited)",
				);
				INFOPLIST_FILE = HypnoNerdTests/Info.plist;
				LD_RUNPATH_SEARCH_PATHS = "$(inherited) @executable_path/Frameworks @loader_path/Frameworks";
				PRODUCT_NAME = "$(TARGET_NAME)";
				TEST_HOST = "$(BUILT_PRODUCTS_DIR)/HypnoNerd.app/HypnoNerd";
			};
			name = Debug;
		};
		9AECA1C11A912A9F00D6BAAA /* Release */ = {
			isa = XCBuildConfiguration;
			buildSettings = {
				BUNDLE_LOADER = "$(TEST_HOST)";
				FRAMEWORK_SEARCH_PATHS = (
					"$(SDKROOT)/Developer/Library/Frameworks",
					"$(inherited)",
				);
				INFOPLIST_FILE = HypnoNerdTests/Info.plist;
				LD_RUNPATH_SEARCH_PATHS = "$(inherited) @executable_path/Frameworks @loader_path/Frameworks";
				PRODUCT_NAME = "$(TARGET_NAME)";
				TEST_HOST = "$(BUILT_PRODUCTS_DIR)/HypnoNerd.app/HypnoNerd";
			};
			name = Release;
		};
/* End XCBuildConfiguration section */

/* Begin XCConfigurationList section */
		9AECA1941A912A9F00D6BAAA /* Build configuration list for PBXProject "HypnoNerd" */ = {
			isa = XCConfigurationList;
			buildConfigurations = (
				9AECA1BA1A912A9F00D6BAAA /* Debug */,
				9AECA1BB1A912A9F00D6BAAA /* Release */,
			);
			defaultConfigurationIsVisible = 0;
			defaultConfigurationName = Release;
		};
		9AECA1BC1A912A9F00D6BAAA /* Build configuration list for PBXNativeTarget "HypnoNerd" */ = {
			isa = XCConfigurationList;
			buildConfigurations = (
				9AECA1BD1A912A9F00D6BAAA /* Debug */,
				9AECA1BE1A912A9F00D6BAAA /* Release */,
			);
			defaultConfigurationIsVisible = 0;
			defaultConfigurationName = Release;
		};
		9AECA1BF1A912A9F00D6BAAA /* Build configuration list for PBXNativeTarget "HypnoNerdTests" */ = {
			isa = XCConfigurationList;
			buildConfigurations = (
				9AECA1C01A912A9F00D6BAAA /* Debug */,
				9AECA1C11A912A9F00D6BAAA /* Release */,
			);
			defaultConfigurationIsVisible = 0;
			defaultConfigurationName = Release;
		};
/* End XCConfigurationList section */
	};
	rootObject = 9AECA1911A912A9F00D6BAAA /* Project object */;
}
